
Microsoft Visual Studio Solution File, Format Version 12.00
# Visual Studio 15
VisualStudioVersion = 15.0.27428.2011
MinimumVisualStudioVersion = 10.0.40219.1
Project("{FAE04EC0-301F-11D3-BF4B-00C04F79EFBC}") = "Pogodynka", "Pogodynka\Pogodynka.csproj", "{35AFF443-2FED-481E-9239-058A0DFDAFB9}"
EndProject
Global
	GlobalSection(SolutionConfigurationPlatforms) = preSolution
		Debug|Any CPU = Debug|Any CPU
		Release|Any CPU = Release|Any CPU
	EndGlobalSection
	GlobalSection(ProjectConfigurationPlatforms) = postSolution
		{35AFF443-2FED-481E-9239-058A0DFDAFB9}.Debug|Any CPU.ActiveCfg = Debug|Any CPU
		{35AFF443-2FED-481E-9239-058A0DFDAFB9}.Debug|Any CPU.Build.0 = Debug|Any CPU
		{35AFF443-2FED-481E-9239-058A0DFDAFB9}.Release|Any CPU.ActiveCfg = Release|Any CPU
		{35AFF443-2FED-481E-9239-058A0DFDAFB9}.Release|Any CPU.Build.0 = Release|Any CPU
	EndGlobalSection
	GlobalSection(SolutionProperties) = preSolution
		HideSolutionNode = FALSE
	EndGlobalSection
	GlobalSection(ExtensibilityGlobals) = postSolution
		SolutionGuid = {5FB2E206-CC05-4AD7-AB77-BD86F1DCC8E0}
	EndGlobalSection
EndGlobal
